
Microsoft Visual Studio Solution File, Format Version 12.00
# Visual Studio Version 16
VisualStudioVersion = 16.0.31229.75
MinimumVisualStudioVersion = 10.0.40219.1
Project("{FAE04EC0-301F-11D3-BF4B-00C04F79EFBC}") = "Lesson8", "Lesson8\Lesson8.csproj", "{C8133498-3FFE-4618-B9DA-8297CE24824A}"
EndProject
Global
	GlobalSection(SolutionConfigurationPlatforms) = preSolution
		Debug|Any CPU = Debug|Any CPU
		Release|Any CPU = Release|Any CPU
	EndGlobalSection
	GlobalSection(ProjectConfigurationPlatforms) = postSolution
		{C8133498-3FFE-4618-B9DA-8297CE24824A}.Debug|Any CPU.ActiveCfg = Debug|Any CPU
		{C8133498-3FFE-4618-B9DA-8297CE24824A}.Debug|Any CPU.Build.0 = Debug|Any CPU
		{C8133498-3FFE-4618-B9DA-8297CE24824A}.Release|Any CPU.ActiveCfg = Release|Any CPU
		{C8133498-3FFE-4618-B9DA-8297CE24824A}.Release|Any CPU.Build.0 = Release|Any CPU
	EndGlobalSection
	GlobalSection(SolutionProperties) = preSolution
		HideSolutionNode = FALSE
	EndGlobalSection
	GlobalSection(ExtensibilityGlobals) = postSolution
		SolutionGuid = {80F37597-A145-4107-9820-3160D3066172}
	EndGlobalSection
EndGlobal
